<?xml version="1.0" encoding="utf-8"?>
<Project ToolsVersion="4.0" xmlns="http://schemas.microsoft.com/developer/msbuild/2003">
  <ItemGroup>
    <Filter Include="Source Files">
      <UniqueIdentifier>{4FC737F1-C7A5-4376-A066-2A32D752A2FF}</UniqueIdentifier>
      <Extensions>cpp;c;cc;cxx;c++;cppm;ixx;def;odl;idl;hpj;bat;asm;asmx</Extensions>
    </Filter>
    <Filter Include="Header Files">
      <UniqueIdentifier>{93995380-89BD-4b04-88EB-625FBE52EBFB}</UniqueIdentifier>
      <Extensions>h;hh;hpp;hxx;h++;hm;inl;inc;ipp;xsd</Extensions>
    </Filter>
    <Filter Include="Resource Files">
      <UniqueIdentifier>{67DA6AB6-F800-4c08-8B7A-83BB121AAD01}</UniqueIdentifier>
      <Extensions>rc;ico;cur;bmp;dlg;rc2;rct;bin;rgs;gif;jpg;jpeg;jpe;resx;tiff;tif;png;wav;mfcribbon-ms</Extensions>
    </Filter>
    <Filter Include="Module Files">
      <UniqueIdentifier>{946b868e-517c-4916-86a2-780c2f80d2bf}</UniqueIdentifier>
    </Filter>
  </ItemGroup>
  <ItemGroup>
    <ClCompile Include="main.cpp">
      <Filter>Source Files</Filter>
    </ClCompile>
    <ClCompile Include="Array.ixx">
      <Filter>Module Files</Filter>
    </ClCompile>
    <ClCompile Include="Box.ixx">
      <Filter>Module Files</Filter>
    </ClCompile>
    <ClCompile Include="Circle.ixx">
      <Filter>Module Files</Filter>
    </ClCompile>
    <ClCompile Include="ComplexNumber.ixx">
      <Filter>Module Files</Filter>
    </ClCompile>
    <ClCompile Include="Equation.ixx">
      <Filter>Module Files</Filter>
    </ClCompile>
    <ClCompile Include="FixedArray.ixx">
      <Filter>Module Files</Filter>
    </ClCompile>
    <ClCompile Include="FixedMatrix.ixx">
      <Filter>Module Files</Filter>
    </ClCompile>
    <ClCompile Include="Fraction.ixx">
      <Filter>Module Files</Filter>
    </ClCompile>
    <ClCompile Include="LinearEquation1.ixx">
      <Filter>Module Files</Filter>
    </ClCompile>
    <ClCompile Include="LinearEquation2.ixx">
      <Filter>Module Files</Filter>
    </ClCompile>
    <ClCompile Include="LinearEquation3.ixx">
      <Filter>Module Files</Filter>
    </ClCompile>
    <ClCompile Include="LineSegment.ixx">
      <Filter>Module Files</Filter>
    </ClCompile>
    <ClCompile Include="Matrix.ixx">
      <Filter>Module Files</Filter>
    </ClCompile>
    <ClCompile Include="MiscTemplateFunctions.ixx">
      <Filter>Module Files</Filter>
    </ClCompile>
    <ClCompile Include="Plane.ixx">
      <Filter>Module Files</Filter>
    </ClCompile>
    <ClCompile Include="Polynomial.ixx">
      <Filter>Module Files</Filter>
    </ClCompile>
    <ClCompile Include="Ptr.ixx">
      <Filter>Module Files</Filter>
    </ClCompile>
    <ClCompile Include="Rect.ixx">
      <Filter>Module Files</Filter>
    </ClCompile>
    <ClCompile Include="SFML_JLIB.ixx">
      <Filter>Module Files</Filter>
    </ClCompile>
    <ClCompile Include="Sphere.ixx">
      <Filter>Module Files</Filter>
    </ClCompile>
    <ClCompile Include="Square.ixx">
      <Filter>Module Files</Filter>
    </ClCompile>
    <ClCompile Include="Triangle.ixx">
      <Filter>Module Files</Filter>
    </ClCompile>
    <ClCompile Include="Vector2.ixx">
      <Filter>Module Files</Filter>
    </ClCompile>
    <ClCompile Include="Vector3.ixx">
      <Filter>Module Files</Filter>
    </ClCompile>
    <ClCompile Include="VectorEquation3.ixx">
      <Filter>Module Files</Filter>
    </ClCompile>
    <ClCompile Include="VectorN.ixx">
      <Filter>Module Files</Filter>
    </ClCompile>
    <ClCompile Include="Angle.cpp">
      <Filter>Source Files</Filter>
    </ClCompile>
    <ClCompile Include="Chance.cpp">
      <Filter>Source Files</Filter>
    </ClCompile>
    <ClCompile Include="Color.cpp">
      <Filter>Source Files</Filter>
    </ClCompile>
    <ClCompile Include="Conversions.cpp">
      <Filter>Source Files</Filter>
    </ClCompile>
    <ClCompile Include="Direction.cpp">
      <Filter>Source Files</Filter>
    </ClCompile>
    <ClCompile Include="FileManager.cpp">
      <Filter>Source Files</Filter>
    </ClCompile>
    <ClCompile Include="Gamepad.cpp">
      <Filter>Source Files</Filter>
    </ClCompile>
    <ClCompile Include="Hexadecimal.cpp">
      <Filter>Source Files</Filter>
    </ClCompile>
    <ClCompile Include="MiscStringFunctions.cpp">
      <Filter>Source Files</Filter>
    </ClCompile>
    <ClCompile Include="Time.cpp">
      <Filter>Source Files</Filter>
    </ClCompile>
    <ClCompile Include="Grid.cpp">
      <Filter>Source Files</Filter>
    </ClCompile>
    <ClCompile Include="Game.cpp">
      <Filter>Source Files</Filter>
    </ClCompile>
    <ClCompile Include="Statistics.ixx">
      <Filter>Module Files</Filter>
    </ClCompile>
    <ClCompile Include="SFMLFunctions.cpp">
      <Filter>Source Files</Filter>
    </ClCompile>
    <ClCompile Include="Mouse.cpp">
      <Filter>Source Files</Filter>
    </ClCompile>
    <ClCompile Include="LinearEquation.ixx">
      <Filter>Module Files</Filter>
    </ClCompile>
  </ItemGroup>
  <ItemGroup>
    <ClInclude Include="Arithmetic.hpp">
      <Filter>Header Files</Filter>
    </ClInclude>
    <ClInclude Include="Angle.hpp">
      <Filter>Header Files</Filter>
    </ClInclude>
    <ClInclude Include="Chance.hpp">
      <Filter>Header Files</Filter>
    </ClInclude>
    <ClInclude Include="Color.hpp">
      <Filter>Header Files</Filter>
    </ClInclude>
    <ClInclude Include="Constants.hpp">
      <Filter>Header Files</Filter>
    </ClInclude>
    <ClInclude Include="Conversions.hpp">
      <Filter>Header Files</Filter>
    </ClInclude>
    <ClInclude Include="Direction.hpp">
      <Filter>Header Files</Filter>
    </ClInclude>
    <ClInclude Include="FileManager.hpp">
      <Filter>Header Files</Filter>
    </ClInclude>
    <ClInclude Include="Gamepad.hpp">
      <Filter>Header Files</Filter>
    </ClInclude>
    <ClInclude Include="Hexadecimal.hpp">
      <Filter>Header Files</Filter>
    </ClInclude>
    <ClInclude Include="IntegerTypedefs.hpp">
      <Filter>Header Files</Filter>
    </ClInclude>
    <ClInclude Include="JLibrary.hpp">
      <Filter>Header Files</Filter>
    </ClInclude>
    <ClInclude Include="MiscStringFunctions.hpp">
      <Filter>Header Files</Filter>
    </ClInclude>
    <ClInclude Include="Time.hpp">
      <Filter>Header Files</Filter>
    </ClInclude>
    <ClInclude Include="Define.hpp">
      <Filter>Header Files</Filter>
    </ClInclude>
    <ClInclude Include="Game.hpp">
      <Filter>Header Files</Filter>
    </ClInclude>
    <ClInclude Include="Grid.hpp">
      <Filter>Header Files</Filter>
    </ClInclude>
    <ClInclude Include="SFMLFunctions.hpp">
      <Filter>Header Files</Filter>
    </ClInclude>
    <ClInclude Include="Mouse.hpp">
      <Filter>Header Files</Filter>
    </ClInclude>
  </ItemGroup>
</Project>